// !$*UTF8*$!
{
	archiveVersion = 1;
	classes = {
	};
	objectVersion = 46;
	objects = {

/* Begin PBXBuildFile section */
		841D7AB31FA3A94D0020D763 /* AppDelegate.swift in Sources */ = {isa = PBXBuildFile; fileRef = 841D7AB21FA3A94D0020D763 /* AppDelegate.swift */; };
		841D7AB51FA3A94D0020D763 /* ViewController.swift in Sources */ = {isa = PBXBuildFile; fileRef = 841D7AB41FA3A94D0020D763 /* ViewController.swift */; };
		841D7AB81FA3A94D0020D763 /* Main.storyboard in Resources */ = {isa = PBXBuildFile; fileRef = 841D7AB61FA3A94D0020D763 /* Main.storyboard */; };
		841D7ABA1FA3A94D0020D763 /* Assets.xcassets in Resources */ = {isa = PBXBuildFile; fileRef = 841D7AB91FA3A94D0020D763 /* Assets.xcassets */; };
		841D7ABD1FA3A94D0020D763 /* LaunchScreen.storyboard in Resources */ = {isa = PBXBuildFile; fileRef = 841D7ABB1FA3A94D0020D763 /* LaunchScreen.storyboard */; };
		841D7AC51FA3A98F0020D763 /* JesonModel.swift in Sources */ = {isa = PBXBuildFile; fileRef = 841D7AC41FA3A98F0020D763 /* JesonModel.swift */; };
		843F8F171FACBFE0003F35F7 /* ParseUsingPostMethod.swift in Sources */ = {isa = PBXBuildFile; fileRef = 843F8F161FACBFE0003F35F7 /* ParseUsingPostMethod.swift */; };
		843F8F191FACC2E3003F35F7 /* ParseUsingGetMethod.swift in Sources */ = {isa = PBXBuildFile; fileRef = 843F8F181FACC2E3003F35F7 /* ParseUsingGetMethod.swift */; };
/* End PBXBuildFile section */

/* Begin PBXFileReference section */
		841D7AAF1FA3A94D0020D763 /* JsonExampleWithMVC.app */ = {isa = PBXFileReference; explicitFileType = wrapper.application; includeInIndex = 0; path = JsonExampleWithMVC.app; sourceTree = BUILT_PRODUCTS_DIR; };
		841D7AB21FA3A94D0020D763 /* AppDelegate.swift */ = {isa = PBXFileReference; lastKnownFileType = sourcecode.swift; path = AppDelegate.swift; sourceTree = "<group>"; };
		841D7AB41FA3A94D0020D763 /* ViewController.swift */ = {isa = PBXFileReference; lastKnownFileType = sourcecode.swift; path = ViewController.swift; sourceTree = "<group>"; };
		841D7AB71FA3A94D0020D763 /* Base */ = {isa = PBXFileReference; lastKnownFileType = file.storyboard; name = Base; path = Base.lproj/Main.storyboard; sourceTree = "<group>"; };
		841D7AB91FA3A94D0020D763 /* Assets.xcassets */ = {isa = PBXFileReference; lastKnownFileType = folder.assetcatalog; path = Assets.xcassets; sourceTree = "<group>"; };
		841D7ABC1FA3A94D0020D763 /* Base */ = {isa = PBXFileReference; lastKnownFileType = file.storyboard; name = Base; path = Base.lproj/LaunchScreen.storyboard; sourceTree = "<group>"; };
		841D7ABE1FA3A94D0020D763 /* Info.plist */ = {isa = PBXFileReference; lastKnownFileType = text.plist.xml; path = Info.plist; sourceTree = "<group>"; };
		841D7AC41FA3A98F0020D763 /* JesonModel.swift */ = {isa = PBXFileReference; fileEncoding = 4; lastKnownFileType = sourcecode.swift; path = JesonModel.swift; sourceTree = "<group>"; };
		843F8F161FACBFE0003F35F7 /* ParseUsingPostMethod.swift */ = {isa = PBXFileReference; fileEncoding = 4; lastKnownFileType = sourcecode.swift; path = ParseUsingPostMethod.swift; sourceTree = "<group>"; };
		843F8F181FACC2E3003F35F7 /* ParseUsingGetMethod.swift */ = {isa = PBXFileReference; fileEncoding = 4; lastKnownFileType = sourcecode.swift; path = ParseUsingGetMethod.swift; sourceTree = "<group>"; };
/* End PBXFileReference section */

/* Begin PBXFrameworksBuildPhase section */
		841D7AAC1FA3A94B0020D763 /* Frameworks */ = {
			isa = PBXFrameworksBuildPhase;
			buildActionMask = 2147483647;
			files = (
			);
			runOnlyForDeploymentPostprocessing = 0;
		};
/* End PBXFrameworksBuildPhase section */

/* Begin PBXGroup section */
		841D7AA61FA3A94B0020D763 = {
			isa = PBXGroup;
			children = (
				841D7AB11FA3A94D0020D763 /* JsonExampleWithMVC */,
				841D7AB01FA3A94D0020D763 /* Products */,
			);
			sourceTree = "<group>";
		};
		841D7AB01FA3A94D0020D763 /* Products */ = {
			isa = PBXGroup;
			children = (
				841D7AAF1FA3A94D0020D763 /* JsonExampleWithMVC.app */,
			);
			name = Products;
			sourceTree = "<group>";
		};
		841D7AB11FA3A94D0020D763 /* JsonExampleWithMVC */ = {
			isa = PBXGroup;
			children = (
				841D7AB21FA3A94D0020D763 /* AppDelegate.swift */,
				841D7AB41FA3A94D0020D763 /* ViewController.swift */,
				841D7AB61FA3A94D0020D763 /* Main.storyboard */,
				841D7AB91FA3A94D0020D763 /* Assets.xcassets */,
				841D7ABB1FA3A94D0020D763 /* LaunchScreen.storyboard */,
				841D7ABE1FA3A94D0020D763 /* Info.plist */,
				841D7AC41FA3A98F0020D763 /* JesonModel.swift */,
				843F8F161FACBFE0003F35F7 /* ParseUsingPostMethod.swift */,
				843F8F181FACC2E3003F35F7 /* ParseUsingGetMethod.swift */,
			);
			path = JsonExampleWithMVC;
			sourceTree = "<group>";
		};
/* End PBXGroup section */

/* Begin PBXNativeTarget section */
		841D7AAE1FA3A94B0020D763 /* JsonExampleWithMVC */ = {
			isa = PBXNativeTarget;
			buildConfigurationList = 841D7AC11FA3A94E0020D763 /* Build configuration list for PBXNativeTarget "JsonExampleWithMVC" */;
			buildPhases = (
				841D7AAB1FA3A94B0020D763 /* Sources */,
				841D7AAC1FA3A94B0020D763 /* Frameworks */,
				841D7AAD1FA3A94B0020D763 /* Resources */,
			);
			buildRules = (
			);
			dependencies = (
			);
			name = JsonExampleWithMVC;
			productName = JsonExampleWithMVC;
			productReference = 841D7AAF1FA3A94D0020D763 /* JsonExampleWithMVC.app */;
			productType = "com.apple.product-type.application";
		};
/* End PBXNativeTarget section */

/* Begin PBXProject section */
		841D7AA71FA3A94B0020D763 /* Project object */ = {
			isa = PBXProject;
			attributes = {
				LastSwiftUpdateCheck = 0820;
				LastUpgradeCheck = 0820;
				ORGANIZATIONNAME = Admin;
				TargetAttributes = {
					841D7AAE1FA3A94B0020D763 = {
						CreatedOnToolsVersion = 8.2.1;
						ProvisioningStyle = Automatic;
					};
				};
			};
			buildConfigurationList = 841D7AAA1FA3A94B0020D763 /* Build configuration list for PBXProject "JsonExampleWithMVC" */;
			compatibilityVersion = "Xcode 3.2";
			developmentRegion = English;
			hasScannedForEncodings = 0;
			knownRegions = (
				en,
				Base,
			);
			mainGroup = 841D7AA61FA3A94B0020D763;
			productRefGroup = 841D7AB01FA3A94D0020D763 /* Products */;
			projectDirPath = "";
			projectRoot = "";
			targets = (
				841D7AAE1FA3A94B0020D763 /* JsonExampleWithMVC */,
			);
		};
/* End PBXProject section */

/* Begin PBXResourcesBuildPhase section */
		841D7AAD1FA3A94B0020D763 /* Resources */ = {
			isa = PBXResourcesBuildPhase;
			buildActionMask = 2147483647;
			files = (
				841D7ABD1FA3A94D0020D763 /* LaunchScreen.storyboard in Resources */,
				841D7ABA1FA3A94D0020D763 /* Assets.xcassets in Resources */,
				841D7AB81FA3A94D0020D763 /* Main.storyboard in Resources */,
			);
			runOnlyForDeploymentPostprocessing = 0;
		};
/* End PBXResourcesBuildPhase section */

/* Begin PBXSourcesBuildPhase section */
		841D7AAB1FA3A94B0020D763 /* Sources */ = {
			isa = PBXSourcesBuildPhase;
			buildActionMask = 2147483647;
			files = (
				841D7AC51FA3A98F0020D763 /* JesonModel.swift in Sources */,
				843F8F171FACBFE0003F35F7 /* ParseUsingPostMethod.swift in Sources */,
				841D7AB51FA3A94D0020D763 /* ViewController.swift in Sources */,
				841D7AB31FA3A94D0020D763 /* AppDelegate.swift in Sources */,
				843F8F191FACC2E3003F35F7 /* ParseUsingGetMethod.swift in Sources */,
			);
			runOnlyForDeploymentPostprocessing = 0;
		};
/* End PBXSourcesBuildPhase section */

/* Begin PBXVariantGroup section */
		841D7AB61FA3A94D0020D763 /* Main.storyboard */ = {
			isa = PBXVariantGroup;
			children = (
				841D7AB71FA3A94D0020D763 /* Base */,
			);
			name = Main.storyboard;
			sourceTree = "<group>";
		};
		841D7ABB1FA3A94D0020D763 /* LaunchScreen.storyboard */ = {
			isa = PBXVariantGroup;
			children = (
				841D7ABC1FA3A94D0020D763 /* Base */,
			);
			name = LaunchScreen.storyboard;
			sourceTree = "<group>";
		};
/* End PBXVariantGroup section */

/* Begin XCBuildConfiguration section */
		841D7ABF1FA3A94E0020D763 /* Debug */ = {
			isa = XCBuildConfiguration;
			buildSettings = {
				ALWAYS_SEARCH_USER_PATHS = NO;
				CLANG_ANALYZER_NONNULL = YES;
				CLANG_CXX_LANGUAGE_STANDARD = "gnu++0x";
				CLANG_CXX_LIBRARY = "libc++";
				CLANG_ENABLE_MODULES = YES;
				CLANG_ENABLE_OBJC_ARC = YES;
				CLANG_WARN_BOOL_CONVERSION = YES;
				CLANG_WARN_CONSTANT_CONVERSION = YES;
				CLANG_WARN_DIRECT_OBJC_ISA_USAGE = YES_ERROR;
				CLANG_WARN_DOCUMENTATION_COMMENTS = YES;
				CLANG_WARN_EMPTY_BODY = YES;
				CLANG_WARN_ENUM_CONVERSION = YES;
				CLANG_WARN_INFINITE_RECURSION = YES;
				CLANG_WARN_INT_CONVERSION = YES;
				CLANG_WARN_OBJC_ROOT_CLASS = YES_ERROR;
				CLANG_WARN_SUSPICIOUS_MOVE = YES;
				CLANG_WARN_UNREACHABLE_CODE = YES;
				CLANG_WARN__DUPLICATE_METHOD_MATCH = YES;
				"CODE_SIGN_IDENTITY[sdk=iphoneos*]" = "iPhone Developer";
				COPY_PHASE_STRIP = NO;
				DEBUG_INFORMATION_FORMAT = dwarf;
				ENABLE_STRICT_OBJC_MSGSEND = YES;
				ENABLE_TESTABILITY = YES;
				GCC_C_LANGUAGE_STANDARD = gnu99;
				GCC_DYNAMIC_NO_PIC = NO;
				GCC_NO_COMMON_BLOCKS = YES;
				GCC_OPTIMIZATION_LEVEL = 0;
				GCC_PREPROCESSOR_DEFINITIONS = (
					"DEBUG=1",
					"$(inherited)",
				);
				GCC_WARN_64_TO_32_BIT_CONVERSION = YES;
				GCC_WARN_ABOUT_RETURN_TYPE = YES_ERROR;
				GCC_WARN_UNDECLARED_SELECTOR = YES;
				GCC_WARN_UNINITIALIZED_AUTOS = YES_AGGRESSIVE;
				GCC_WARN_UNUSED_FUNCTION = YES;
				GCC_WARN_UNUSED_VARIABLE = YES;
				IPHONEOS_DEPLOYMENT_TARGET = 10.2;
				MTL_ENABLE_DEBUG_INFO = YES;
				ONLY_ACTIVE_ARCH = YES;
				SDKROOT = iphoneos;
				SWIFT_ACTIVE_COMPILATION_CONDITIONS = DEBUG;
				SWIFT_OPTIMIZATION_LEVEL = "-Onone";
				TARGETED_DEVICE_FAMILY = "1,2";
			};
			name = Debug;
		};
		841D7AC01FA3A94E0020D763 /* Release */ = {
			isa = XCBuildConfiguration;
			buildSettings = {
				ALWAYS_SEARCH_USER_PATHS = NO;
				CLANG_ANALYZER_NONNULL = YES;
				CLANG_CXX_LANGUAGE_STANDARD = "gnu++0x";
				CLANG_CXX_LIBRARY = "libc++";
				CLANG_ENABLE_MODULES = YES;
				CLANG_ENABLE_OBJC_ARC = YES;
				CLANG_WARN_BOOL_CONVERSION = YES;
				CLANG_WARN_CONSTANT_CONVERSION = YES;
				CLANG_WARN_DIRECT_OBJC_ISA_USAGE = YES_ERROR;
				CLANG_WARN_DOCUMENTATION_COMMENTS = YES;
				CLANG_WARN_EMPTY_BODY = YES;
				CLANG_WARN_ENUM_CONVERSION = YES;
				CLANG_WARN_INFINITE_RECURSION = YES;
				CLANG_WARN_INT_CONVERSION = YES;
				CLANG_WARN_OBJC_ROOT_CLASS = YES_ERROR;
				CLANG_WARN_SUSPICIOUS_MOVE = YES;
				CLANG_WARN_UNREACHABLE_CODE = YES;
				CLANG_WARN__DUPLICATE_METHOD_MATCH = YES;
				"CODE_SIGN_IDENTITY[sdk=iphoneos*]" = "iPhone Developer";
				COPY_PHASE_STRIP = NO;
				DEBUG_INFORMATION_FORMAT = "dwarf-with-dsym";
				ENABLE_NS_ASSERTIONS = NO;
				ENABLE_STRICT_OBJC_MSGSEND = YES;
				GCC_C_LANGUAGE_STANDARD = gnu99;
				GCC_NO_COMMON_BLOCKS = YES;
				GCC_WARN_64_TO_32_BIT_CONVERSION = YES;
				GCC_WARN_ABOUT_RETURN_TYPE = YES_ERROR;
				GCC_WARN_UNDECLARED_SELECTOR = YES;
				GCC_WARN_UNINITIALIZED_AUTOS = YES_AGGRESSIVE;
				GCC_WARN_UNUSED_FUNCTION = YES;
				GCC_WARN_UNUSED_VARIABLE = YES;
				IPHONEOS_DEPLOYMENT_TARGET = 10.2;
				MTL_ENABLE_DEBUG_INFO = NO;
				SDKROOT = iphoneos;
				SWIFT_OPTIMIZATION_LEVEL = "-Owholemodule";
				TARGETED_DEVICE_FAMILY = "1,2";
				VALIDATE_PRODUCT = YES;
			};
			name = Release;
		};
		841D7AC21FA3A94E0020D763 /* Debug */ = {
			isa = XCBuildConfiguration;
			buildSettings = {
				ASSETCATALOG_COMPILER_APPICON_NAME = AppIcon;
				INFOPLIST_FILE = JsonExampleWithMVC/Info.plist;
				LD_RUNPATH_SEARCH_PATHS = "$(inherited) @executable_path/Frameworks";
				PRODUCT_BUNDLE_IDENTIFIER = com.avipatil.JsonExampleWithMVC;
				PRODUCT_NAME = "$(TARGET_NAME)";
				SWIFT_VERSION = 3.0;
			};
			name = Debug;
		};
		841D7AC31FA3A94E0020D763 /* Release */ = {
			isa = XCBuildConfiguration;
			buildSettings = {
				ASSETCATALOG_COMPILER_APPICON_NAME = AppIcon;
				INFOPLIST_FILE = JsonExampleWithMVC/Info.plist;
				LD_RUNPATH_SEARCH_PATHS = "$(inherited) @executable_path/Frameworks";
				PRODUCT_BUNDLE_IDENTIFIER = com.avipatil.JsonExampleWithMVC;
				PRODUCT_NAME = "$(TARGET_NAME)";
				SWIFT_VERSION = 3.0;
			};
			name = Release;
		};
/* End XCBuildConfiguration section */

/* Begin XCConfigurationList section */
		841D7AAA1FA3A94B0020D763 /* Build configuration list for PBXProject "JsonExampleWithMVC" */ = {
			isa = XCConfigurationList;
			buildConfigurations = (
				841D7ABF1FA3A94E0020D763 /* Debug */,
				841D7AC01FA3A94E0020D763 /* Release */,
			);
			defaultConfigurationIsVisible = 0;
			defaultConfigurationName = Release;
		};
		841D7AC11FA3A94E0020D763 /* Build configuration list for PBXNativeTarget "JsonExampleWithMVC" */ = {
			isa = XCConfigurationList;
			buildConfigurations = (
				841D7AC21FA3A94E0020D763 /* Debug */,
				841D7AC31FA3A94E0020D763 /* Release */,
			);
			defaultConfigurationIsVisible = 0;
			defaultConfigurationName = Release;
		};
/* End XCConfigurationList section */
	};
	rootObject = 841D7AA71FA3A94B0020D763 /* Project object */;
}
